
Microsoft Visual Studio Solution File, Format Version 12.00
# Visual Studio 2012
Project("{FAE04EC0-301F-11D3-BF4B-00C04F79EFBC}") = "CarPictures", "CarPictures\CarPictures.csproj", "{1FCE27C9-DC48-4531-94DE-6075B2007EEF}"
EndProject
Global
	GlobalSection(SolutionConfigurationPlatforms) = preSolution
		Debug|iPhoneSimulator = Debug|iPhoneSimulator
		Release|iPhone = Release|iPhone
		Release|iPhoneSimulator = Release|iPhoneSimulator
		Debug|iPhone = Debug|iPhone
	EndGlobalSection
	GlobalSection(ProjectConfigurationPlatforms) = postSolution
		{1FCE27C9-DC48-4531-94DE-6075B2007EEF}.Debug|iPhoneSimulator.ActiveCfg = Debug|iPhoneSimulator
		{1FCE27C9-DC48-4531-94DE-6075B2007EEF}.Debug|iPhoneSimulator.Build.0 = Debug|iPhoneSimulator
		{1FCE27C9-DC48-4531-94DE-6075B2007EEF}.Release|iPhone.ActiveCfg = Release|iPhone
		{1FCE27C9-DC48-4531-94DE-6075B2007EEF}.Release|iPhone.Build.0 = Release|iPhone
		{1FCE27C9-DC48-4531-94DE-6075B2007EEF}.Release|iPhoneSimulator.ActiveCfg = Release|iPhoneSimulator
		{1FCE27C9-DC48-4531-94DE-6075B2007EEF}.Release|iPhoneSimulator.Build.0 = Release|iPhoneSimulator
		{1FCE27C9-DC48-4531-94DE-6075B2007EEF}.Debug|iPhone.ActiveCfg = Debug|iPhone
		{1FCE27C9-DC48-4531-94DE-6075B2007EEF}.Debug|iPhone.Build.0 = Debug|iPhone
	EndGlobalSection
EndGlobal
