
Microsoft Visual Studio Solution File, Format Version 12.00
# Visual Studio 2012
Project("{FAE04EC0-301F-11D3-BF4B-00C04F79EFBC}") = "Calculator", "Calculator\Calculator.csproj", "{7096AF34-7BB6-4695-ACA6-A4F23970CA1B}"
EndProject
Project("{FAE04EC0-301F-11D3-BF4B-00C04F79EFBC}") = "Calculator.UITests", "Calculator.UITests\Calculator.UITests.csproj", "{67457959-56A3-4362-8008-D76DD9AEF1B5}"
EndProject
Global
	GlobalSection(SolutionConfigurationPlatforms) = preSolution
		Debug|iPhoneSimulator = Debug|iPhoneSimulator
		Release|iPhone = Release|iPhone
		Release|iPhoneSimulator = Release|iPhoneSimulator
		Debug|iPhone = Debug|iPhone
		Debug|Any CPU = Debug|Any CPU
		Release|Any CPU = Release|Any CPU
	EndGlobalSection
	GlobalSection(ProjectConfigurationPlatforms) = postSolution
		{7096AF34-7BB6-4695-ACA6-A4F23970CA1B}.Debug|iPhoneSimulator.ActiveCfg = Debug|iPhoneSimulator
		{7096AF34-7BB6-4695-ACA6-A4F23970CA1B}.Debug|iPhoneSimulator.Build.0 = Debug|iPhoneSimulator
		{7096AF34-7BB6-4695-ACA6-A4F23970CA1B}.Release|iPhone.ActiveCfg = Release|iPhone
		{7096AF34-7BB6-4695-ACA6-A4F23970CA1B}.Release|iPhone.Build.0 = Release|iPhone
		{7096AF34-7BB6-4695-ACA6-A4F23970CA1B}.Release|iPhoneSimulator.ActiveCfg = Release|iPhoneSimulator
		{7096AF34-7BB6-4695-ACA6-A4F23970CA1B}.Release|iPhoneSimulator.Build.0 = Release|iPhoneSimulator
		{7096AF34-7BB6-4695-ACA6-A4F23970CA1B}.Debug|iPhone.ActiveCfg = Debug|iPhone
		{7096AF34-7BB6-4695-ACA6-A4F23970CA1B}.Debug|iPhone.Build.0 = Debug|iPhone
		{7096AF34-7BB6-4695-ACA6-A4F23970CA1B}.Debug|Any CPU.ActiveCfg = Debug|iPhoneSimulator
		{7096AF34-7BB6-4695-ACA6-A4F23970CA1B}.Debug|Any CPU.Build.0 = Debug|iPhoneSimulator
		{7096AF34-7BB6-4695-ACA6-A4F23970CA1B}.Release|Any CPU.ActiveCfg = Release|iPhone
		{7096AF34-7BB6-4695-ACA6-A4F23970CA1B}.Release|Any CPU.Build.0 = Release|iPhone
		{67457959-56A3-4362-8008-D76DD9AEF1B5}.Debug|iPhoneSimulator.ActiveCfg = Debug|Any CPU
		{67457959-56A3-4362-8008-D76DD9AEF1B5}.Debug|iPhoneSimulator.Build.0 = Debug|Any CPU
		{67457959-56A3-4362-8008-D76DD9AEF1B5}.Release|iPhone.ActiveCfg = Release|Any CPU
		{67457959-56A3-4362-8008-D76DD9AEF1B5}.Release|iPhone.Build.0 = Release|Any CPU
		{67457959-56A3-4362-8008-D76DD9AEF1B5}.Release|iPhoneSimulator.ActiveCfg = Release|Any CPU
		{67457959-56A3-4362-8008-D76DD9AEF1B5}.Release|iPhoneSimulator.Build.0 = Release|Any CPU
		{67457959-56A3-4362-8008-D76DD9AEF1B5}.Debug|iPhone.ActiveCfg = Debug|Any CPU
		{67457959-56A3-4362-8008-D76DD9AEF1B5}.Debug|iPhone.Build.0 = Debug|Any CPU
		{67457959-56A3-4362-8008-D76DD9AEF1B5}.Debug|Any CPU.ActiveCfg = Debug|Any CPU
		{67457959-56A3-4362-8008-D76DD9AEF1B5}.Debug|Any CPU.Build.0 = Debug|Any CPU
		{67457959-56A3-4362-8008-D76DD9AEF1B5}.Release|Any CPU.ActiveCfg = Release|Any CPU
		{67457959-56A3-4362-8008-D76DD9AEF1B5}.Release|Any CPU.Build.0 = Release|Any CPU
	EndGlobalSection
EndGlobal
