
Microsoft Visual Studio Solution File, Format Version 12.00
# Visual Studio 2012
Project("{FAE04EC0-301F-11D3-BF4B-00C04F79EFBC}") = "TweetAnalysis", "TweetAnalysis\TweetAnalysis.csproj", "{DE33ABC5-6E80-4548-AAC4-47D36949A0FC}"
EndProject
Global
	GlobalSection(SolutionConfigurationPlatforms) = preSolution
		Debug|iPhoneSimulator = Debug|iPhoneSimulator
		Release|iPhone = Release|iPhone
		Release|iPhoneSimulator = Release|iPhoneSimulator
		Debug|iPhone = Debug|iPhone
	EndGlobalSection
	GlobalSection(ProjectConfigurationPlatforms) = postSolution
		{DE33ABC5-6E80-4548-AAC4-47D36949A0FC}.Debug|iPhoneSimulator.ActiveCfg = Debug|iPhoneSimulator
		{DE33ABC5-6E80-4548-AAC4-47D36949A0FC}.Debug|iPhoneSimulator.Build.0 = Debug|iPhoneSimulator
		{DE33ABC5-6E80-4548-AAC4-47D36949A0FC}.Release|iPhone.ActiveCfg = Release|iPhone
		{DE33ABC5-6E80-4548-AAC4-47D36949A0FC}.Release|iPhone.Build.0 = Release|iPhone
		{DE33ABC5-6E80-4548-AAC4-47D36949A0FC}.Release|iPhoneSimulator.ActiveCfg = Release|iPhoneSimulator
		{DE33ABC5-6E80-4548-AAC4-47D36949A0FC}.Release|iPhoneSimulator.Build.0 = Release|iPhoneSimulator
		{DE33ABC5-6E80-4548-AAC4-47D36949A0FC}.Debug|iPhone.ActiveCfg = Debug|iPhone
		{DE33ABC5-6E80-4548-AAC4-47D36949A0FC}.Debug|iPhone.Build.0 = Debug|iPhone
	EndGlobalSection
EndGlobal
