
Microsoft Visual Studio Solution File, Format Version 12.00
# Visual Studio 2012
Project("{FAE04EC0-301F-11D3-BF4B-00C04F79EFBC}") = "Translate", "Translate\Translate.csproj", "{14FF7D30-5C9A-4B74-96E8-CF3CA719C95C}"
EndProject
Global
	GlobalSection(SolutionConfigurationPlatforms) = preSolution
		Debug|iPhoneSimulator = Debug|iPhoneSimulator
		Release|iPhone = Release|iPhone
		Release|iPhoneSimulator = Release|iPhoneSimulator
		Debug|iPhone = Debug|iPhone
	EndGlobalSection
	GlobalSection(ProjectConfigurationPlatforms) = postSolution
		{14FF7D30-5C9A-4B74-96E8-CF3CA719C95C}.Debug|iPhoneSimulator.ActiveCfg = Debug|iPhoneSimulator
		{14FF7D30-5C9A-4B74-96E8-CF3CA719C95C}.Debug|iPhoneSimulator.Build.0 = Debug|iPhoneSimulator
		{14FF7D30-5C9A-4B74-96E8-CF3CA719C95C}.Release|iPhone.ActiveCfg = Release|iPhone
		{14FF7D30-5C9A-4B74-96E8-CF3CA719C95C}.Release|iPhone.Build.0 = Release|iPhone
		{14FF7D30-5C9A-4B74-96E8-CF3CA719C95C}.Release|iPhoneSimulator.ActiveCfg = Release|iPhoneSimulator
		{14FF7D30-5C9A-4B74-96E8-CF3CA719C95C}.Release|iPhoneSimulator.Build.0 = Release|iPhoneSimulator
		{14FF7D30-5C9A-4B74-96E8-CF3CA719C95C}.Debug|iPhone.ActiveCfg = Debug|iPhone
		{14FF7D30-5C9A-4B74-96E8-CF3CA719C95C}.Debug|iPhone.Build.0 = Debug|iPhone
	EndGlobalSection
EndGlobal
